
Microsoft Visual Studio Solution File, Format Version 12.00
# Visual Studio 15
VisualStudioVersion = 15.0.28307.102
MinimumVisualStudioVersion = 10.0.40219.1
Project("{FAE04EC0-301F-11D3-BF4B-00C04F79EFBC}") = "CopaDeFilmes.App.Android", "CopaDeFilmes.App\CopaDeFilmes.App.Android\CopaDeFilmes.App.Android.csproj", "{F706C3B8-BAB1-42AD-B4ED-090797B83F9B}"
EndProject
Project("{FAE04EC0-301F-11D3-BF4B-00C04F79EFBC}") = "CopaDeFilmes.App.iOS", "CopaDeFilmes.App\CopaDeFilmes.App.iOS\CopaDeFilmes.App.iOS.csproj", "{652EDB1F-3FBA-4BEF-8238-A748EB651990}"
EndProject
Project("{FAE04EC0-301F-11D3-BF4B-00C04F79EFBC}") = "CopaDeFilmes.App", "CopaDeFilmes.App\CopaDeFilmes.App\CopaDeFilmes.App.csproj", "{9FB6B45D-0BF8-4D2C-ABC0-8E3F52FC93ED}"
EndProject
Global
	GlobalSection(SolutionConfigurationPlatforms) = preSolution
		Ad-Hoc|Any CPU = Ad-Hoc|Any CPU
		Ad-Hoc|iPhone = Ad-Hoc|iPhone
		Ad-Hoc|iPhoneSimulator = Ad-Hoc|iPhoneSimulator
		AppStore|Any CPU = AppStore|Any CPU
		AppStore|iPhone = AppStore|iPhone
		AppStore|iPhoneSimulator = AppStore|iPhoneSimulator
		Debug|Any CPU = Debug|Any CPU
		Debug|iPhone = Debug|iPhone
		Debug|iPhoneSimulator = Debug|iPhoneSimulator
		Release|Any CPU = Release|Any CPU
		Release|iPhone = Release|iPhone
		Release|iPhoneSimulator = Release|iPhoneSimulator
	EndGlobalSection
	GlobalSection(ProjectConfigurationPlatforms) = postSolution
		{F706C3B8-BAB1-42AD-B4ED-090797B83F9B}.Ad-Hoc|Any CPU.ActiveCfg = Release|Any CPU
		{F706C3B8-BAB1-42AD-B4ED-090797B83F9B}.Ad-Hoc|Any CPU.Build.0 = Release|Any CPU
		{F706C3B8-BAB1-42AD-B4ED-090797B83F9B}.Ad-Hoc|Any CPU.Deploy.0 = Release|Any CPU
		{F706C3B8-BAB1-42AD-B4ED-090797B83F9B}.Ad-Hoc|iPhone.ActiveCfg = Release|Any CPU
		{F706C3B8-BAB1-42AD-B4ED-090797B83F9B}.Ad-Hoc|iPhone.Build.0 = Release|Any CPU
		{F706C3B8-BAB1-42AD-B4ED-090797B83F9B}.Ad-Hoc|iPhone.Deploy.0 = Release|Any CPU
		{F706C3B8-BAB1-42AD-B4ED-090797B83F9B}.Ad-Hoc|iPhoneSimulator.ActiveCfg = Release|Any CPU
		{F706C3B8-BAB1-42AD-B4ED-090797B83F9B}.Ad-Hoc|iPhoneSimulator.Build.0 = Release|Any CPU
		{F706C3B8-BAB1-42AD-B4ED-090797B83F9B}.Ad-Hoc|iPhoneSimulator.Deploy.0 = Release|Any CPU
		{F706C3B8-BAB1-42AD-B4ED-090797B83F9B}.AppStore|Any CPU.ActiveCfg = Release|Any CPU
		{F706C3B8-BAB1-42AD-B4ED-090797B83F9B}.AppStore|Any CPU.Build.0 = Release|Any CPU
		{F706C3B8-BAB1-42AD-B4ED-090797B83F9B}.AppStore|Any CPU.Deploy.0 = Release|Any CPU
		{F706C3B8-BAB1-42AD-B4ED-090797B83F9B}.AppStore|iPhone.ActiveCfg = Release|Any CPU
		{F706C3B8-BAB1-42AD-B4ED-090797B83F9B}.AppStore|iPhone.Build.0 = Release|Any CPU
		{F706C3B8-BAB1-42AD-B4ED-090797B83F9B}.AppStore|iPhone.Deploy.0 = Release|Any CPU
		{F706C3B8-BAB1-42AD-B4ED-090797B83F9B}.AppStore|iPhoneSimulator.ActiveCfg = Release|Any CPU
		{F706C3B8-BAB1-42AD-B4ED-090797B83F9B}.AppStore|iPhoneSimulator.Build.0 = Release|Any CPU
		{F706C3B8-BAB1-42AD-B4ED-090797B83F9B}.AppStore|iPhoneSimulator.Deploy.0 = Release|Any CPU
		{F706C3B8-BAB1-42AD-B4ED-090797B83F9B}.Debug|Any CPU.ActiveCfg = Debug|Any CPU
		{F706C3B8-BAB1-42AD-B4ED-090797B83F9B}.Debug|Any CPU.Build.0 = Debug|Any CPU
		{F706C3B8-BAB1-42AD-B4ED-090797B83F9B}.Debug|Any CPU.Deploy.0 = Debug|Any CPU
		{F706C3B8-BAB1-42AD-B4ED-090797B83F9B}.Debug|iPhone.ActiveCfg = Debug|Any CPU
		{F706C3B8-BAB1-42AD-B4ED-090797B83F9B}.Debug|iPhone.Build.0 = Debug|Any CPU
		{F706C3B8-BAB1-42AD-B4ED-090797B83F9B}.Debug|iPhone.Deploy.0 = Debug|Any CPU
		{F706C3B8-BAB1-42AD-B4ED-090797B83F9B}.Debug|iPhoneSimulator.ActiveCfg = Debug|Any CPU
		{F706C3B8-BAB1-42AD-B4ED-090797B83F9B}.Debug|iPhoneSimulator.Build.0 = Debug|Any CPU
		{F706C3B8-BAB1-42AD-B4ED-090797B83F9B}.Debug|iPhoneSimulator.Deploy.0 = Debug|Any CPU
		{F706C3B8-BAB1-42AD-B4ED-090797B83F9B}.Release|Any CPU.ActiveCfg = Release|Any CPU
		{F706C3B8-BAB1-42AD-B4ED-090797B83F9B}.Release|Any CPU.Build.0 = Release|Any CPU
		{F706C3B8-BAB1-42AD-B4ED-090797B83F9B}.Release|Any CPU.Deploy.0 = Release|Any CPU
		{F706C3B8-BAB1-42AD-B4ED-090797B83F9B}.Release|iPhone.ActiveCfg = Release|Any CPU
		{F706C3B8-BAB1-42AD-B4ED-090797B83F9B}.Release|iPhone.Build.0 = Release|Any CPU
		{F706C3B8-BAB1-42AD-B4ED-090797B83F9B}.Release|iPhone.Deploy.0 = Release|Any CPU
		{F706C3B8-BAB1-42AD-B4ED-090797B83F9B}.Release|iPhoneSimulator.ActiveCfg = Release|Any CPU
		{F706C3B8-BAB1-42AD-B4ED-090797B83F9B}.Release|iPhoneSimulator.Build.0 = Release|Any CPU
		{F706C3B8-BAB1-42AD-B4ED-090797B83F9B}.Release|iPhoneSimulator.Deploy.0 = Release|Any CPU
		{652EDB1F-3FBA-4BEF-8238-A748EB651990}.Ad-Hoc|Any CPU.ActiveCfg = Ad-Hoc|iPhone
		{652EDB1F-3FBA-4BEF-8238-A748EB651990}.Ad-Hoc|Any CPU.Build.0 = Ad-Hoc|iPhone
		{652EDB1F-3FBA-4BEF-8238-A748EB651990}.Ad-Hoc|Any CPU.Deploy.0 = Ad-Hoc|iPhone
		{652EDB1F-3FBA-4BEF-8238-A748EB651990}.Ad-Hoc|iPhone.ActiveCfg = Ad-Hoc|iPhone
		{652EDB1F-3FBA-4BEF-8238-A748EB651990}.Ad-Hoc|iPhone.Build.0 = Ad-Hoc|iPhone
		{652EDB1F-3FBA-4BEF-8238-A748EB651990}.Ad-Hoc|iPhone.Deploy.0 = Ad-Hoc|iPhone
		{652EDB1F-3FBA-4BEF-8238-A748EB651990}.Ad-Hoc|iPhoneSimulator.ActiveCfg = Ad-Hoc|iPhoneSimulator
		{652EDB1F-3FBA-4BEF-8238-A748EB651990}.Ad-Hoc|iPhoneSimulator.Build.0 = Ad-Hoc|iPhoneSimulator
		{652EDB1F-3FBA-4BEF-8238-A748EB651990}.Ad-Hoc|iPhoneSimulator.Deploy.0 = Ad-Hoc|iPhoneSimulator
		{652EDB1F-3FBA-4BEF-8238-A748EB651990}.AppStore|Any CPU.ActiveCfg = AppStore|iPhone
		{652EDB1F-3FBA-4BEF-8238-A748EB651990}.AppStore|Any CPU.Build.0 = AppStore|iPhone
		{652EDB1F-3FBA-4BEF-8238-A748EB651990}.AppStore|Any CPU.Deploy.0 = AppStore|iPhone
		{652EDB1F-3FBA-4BEF-8238-A748EB651990}.AppStore|iPhone.ActiveCfg = AppStore|iPhone
		{652EDB1F-3FBA-4BEF-8238-A748EB651990}.AppStore|iPhone.Build.0 = AppStore|iPhone
		{652EDB1F-3FBA-4BEF-8238-A748EB651990}.AppStore|iPhone.Deploy.0 = AppStore|iPhone
		{652EDB1F-3FBA-4BEF-8238-A748EB651990}.AppStore|iPhoneSimulator.ActiveCfg = AppStore|iPhoneSimulator
		{652EDB1F-3FBA-4BEF-8238-A748EB651990}.AppStore|iPhoneSimulator.Build.0 = AppStore|iPhoneSimulator
		{652EDB1F-3FBA-4BEF-8238-A748EB651990}.AppStore|iPhoneSimulator.Deploy.0 = AppStore|iPhoneSimulator
		{652EDB1F-3FBA-4BEF-8238-A748EB651990}.Debug|Any CPU.ActiveCfg = Debug|iPhoneSimulator
		{652EDB1F-3FBA-4BEF-8238-A748EB651990}.Debug|Any CPU.Build.0 = Debug|iPhoneSimulator
		{652EDB1F-3FBA-4BEF-8238-A748EB651990}.Debug|Any CPU.Deploy.0 = Debug|iPhoneSimulator
		{652EDB1F-3FBA-4BEF-8238-A748EB651990}.Debug|iPhone.ActiveCfg = Debug|iPhone
		{652EDB1F-3FBA-4BEF-8238-A748EB651990}.Debug|iPhone.Build.0 = Debug|iPhone
		{652EDB1F-3FBA-4BEF-8238-A748EB651990}.Debug|iPhone.Deploy.0 = Debug|iPhone
		{652EDB1F-3FBA-4BEF-8238-A748EB651990}.Debug|iPhoneSimulator.ActiveCfg = Debug|iPhoneSimulator
		{652EDB1F-3FBA-4BEF-8238-A748EB651990}.Debug|iPhoneSimulator.Build.0 = Debug|iPhoneSimulator
		{652EDB1F-3FBA-4BEF-8238-A748EB651990}.Debug|iPhoneSimulator.Deploy.0 = Debug|iPhoneSimulator
		{652EDB1F-3FBA-4BEF-8238-A748EB651990}.Release|Any CPU.ActiveCfg = Release|iPhone
		{652EDB1F-3FBA-4BEF-8238-A748EB651990}.Release|Any CPU.Build.0 = Release|iPhone
		{652EDB1F-3FBA-4BEF-8238-A748EB651990}.Release|Any CPU.Deploy.0 = Release|iPhone
		{652EDB1F-3FBA-4BEF-8238-A748EB651990}.Release|iPhone.ActiveCfg = Release|iPhone
		{652EDB1F-3FBA-4BEF-8238-A748EB651990}.Release|iPhone.Build.0 = Release|iPhone
		{652EDB1F-3FBA-4BEF-8238-A748EB651990}.Release|iPhone.Deploy.0 = Release|iPhone
		{652EDB1F-3FBA-4BEF-8238-A748EB651990}.Release|iPhoneSimulator.ActiveCfg = Release|iPhoneSimulator
		{652EDB1F-3FBA-4BEF-8238-A748EB651990}.Release|iPhoneSimulator.Build.0 = Release|iPhoneSimulator
		{652EDB1F-3FBA-4BEF-8238-A748EB651990}.Release|iPhoneSimulator.Deploy.0 = Release|iPhoneSimulator
		{9FB6B45D-0BF8-4D2C-ABC0-8E3F52FC93ED}.Ad-Hoc|Any CPU.ActiveCfg = Debug|Any CPU
		{9FB6B45D-0BF8-4D2C-ABC0-8E3F52FC93ED}.Ad-Hoc|Any CPU.Build.0 = Debug|Any CPU
		{9FB6B45D-0BF8-4D2C-ABC0-8E3F52FC93ED}.Ad-Hoc|Any CPU.Deploy.0 = Debug|Any CPU
		{9FB6B45D-0BF8-4D2C-ABC0-8E3F52FC93ED}.Ad-Hoc|iPhone.ActiveCfg = Debug|Any CPU
		{9FB6B45D-0BF8-4D2C-ABC0-8E3F52FC93ED}.Ad-Hoc|iPhone.Build.0 = Debug|Any CPU
		{9FB6B45D-0BF8-4D2C-ABC0-8E3F52FC93ED}.Ad-Hoc|iPhone.Deploy.0 = Debug|Any CPU
		{9FB6B45D-0BF8-4D2C-ABC0-8E3F52FC93ED}.Ad-Hoc|iPhoneSimulator.ActiveCfg = Debug|Any CPU
		{9FB6B45D-0BF8-4D2C-ABC0-8E3F52FC93ED}.Ad-Hoc|iPhoneSimulator.Build.0 = Debug|Any CPU
		{9FB6B45D-0BF8-4D2C-ABC0-8E3F52FC93ED}.Ad-Hoc|iPhoneSimulator.Deploy.0 = Debug|Any CPU
		{9FB6B45D-0BF8-4D2C-ABC0-8E3F52FC93ED}.AppStore|Any CPU.ActiveCfg = Debug|Any CPU
		{9FB6B45D-0BF8-4D2C-ABC0-8E3F52FC93ED}.AppStore|Any CPU.Build.0 = Debug|Any CPU
		{9FB6B45D-0BF8-4D2C-ABC0-8E3F52FC93ED}.AppStore|Any CPU.Deploy.0 = Debug|Any CPU
		{9FB6B45D-0BF8-4D2C-ABC0-8E3F52FC93ED}.AppStore|iPhone.ActiveCfg = Debug|Any CPU
		{9FB6B45D-0BF8-4D2C-ABC0-8E3F52FC93ED}.AppStore|iPhone.Build.0 = Debug|Any CPU
		{9FB6B45D-0BF8-4D2C-ABC0-8E3F52FC93ED}.AppStore|iPhone.Deploy.0 = Debug|Any CPU
		{9FB6B45D-0BF8-4D2C-ABC0-8E3F52FC93ED}.AppStore|iPhoneSimulator.ActiveCfg = Debug|Any CPU
		{9FB6B45D-0BF8-4D2C-ABC0-8E3F52FC93ED}.AppStore|iPhoneSimulator.Build.0 = Debug|Any CPU
		{9FB6B45D-0BF8-4D2C-ABC0-8E3F52FC93ED}.AppStore|iPhoneSimulator.Deploy.0 = Debug|Any CPU
		{9FB6B45D-0BF8-4D2C-ABC0-8E3F52FC93ED}.Debug|Any CPU.ActiveCfg = Debug|Any CPU
		{9FB6B45D-0BF8-4D2C-ABC0-8E3F52FC93ED}.Debug|Any CPU.Build.0 = Debug|Any CPU
		{9FB6B45D-0BF8-4D2C-ABC0-8E3F52FC93ED}.Debug|Any CPU.Deploy.0 = Debug|Any CPU
		{9FB6B45D-0BF8-4D2C-ABC0-8E3F52FC93ED}.Debug|iPhone.ActiveCfg = Debug|Any CPU
		{9FB6B45D-0BF8-4D2C-ABC0-8E3F52FC93ED}.Debug|iPhone.Build.0 = Debug|Any CPU
		{9FB6B45D-0BF8-4D2C-ABC0-8E3F52FC93ED}.Debug|iPhone.Deploy.0 = Debug|Any CPU
		{9FB6B45D-0BF8-4D2C-ABC0-8E3F52FC93ED}.Debug|iPhoneSimulator.ActiveCfg = Debug|Any CPU
		{9FB6B45D-0BF8-4D2C-ABC0-8E3F52FC93ED}.Debug|iPhoneSimulator.Build.0 = Debug|Any CPU
		{9FB6B45D-0BF8-4D2C-ABC0-8E3F52FC93ED}.Debug|iPhoneSimulator.Deploy.0 = Debug|Any CPU
		{9FB6B45D-0BF8-4D2C-ABC0-8E3F52FC93ED}.Release|Any CPU.ActiveCfg = Release|Any CPU
		{9FB6B45D-0BF8-4D2C-ABC0-8E3F52FC93ED}.Release|Any CPU.Build.0 = Release|Any CPU
		{9FB6B45D-0BF8-4D2C-ABC0-8E3F52FC93ED}.Release|Any CPU.Deploy.0 = Release|Any CPU
		{9FB6B45D-0BF8-4D2C-ABC0-8E3F52FC93ED}.Release|iPhone.ActiveCfg = Release|Any CPU
		{9FB6B45D-0BF8-4D2C-ABC0-8E3F52FC93ED}.Release|iPhone.Build.0 = Release|Any CPU
		{9FB6B45D-0BF8-4D2C-ABC0-8E3F52FC93ED}.Release|iPhone.Deploy.0 = Release|Any CPU
		{9FB6B45D-0BF8-4D2C-ABC0-8E3F52FC93ED}.Release|iPhoneSimulator.ActiveCfg = Release|Any CPU
		{9FB6B45D-0BF8-4D2C-ABC0-8E3F52FC93ED}.Release|iPhoneSimulator.Build.0 = Release|Any CPU
		{9FB6B45D-0BF8-4D2C-ABC0-8E3F52FC93ED}.Release|iPhoneSimulator.Deploy.0 = Release|Any CPU
	EndGlobalSection
	GlobalSection(SolutionProperties) = preSolution
		HideSolutionNode = FALSE
	EndGlobalSection
	GlobalSection(ExtensibilityGlobals) = postSolution
		SolutionGuid = {83495E6F-AE77-4AA0-AD03-E2F4ADB8DAC0}
	EndGlobalSection
EndGlobal
